
Microsoft Visual Studio Solution File, Format Version 12.00
# Visual Studio Version 17
VisualStudioVersion = 17.3.32819.101
MinimumVisualStudioVersion = 10.0.40219.1
Project("{FAE04EC0-301F-11D3-BF4B-00C04F79EFBC}") = "LABA 8", "LABA 8\LABA 8.csproj", "{31886F92-464E-4120-8D14-82511192A1B0}"
EndProject
Global
	GlobalSection(SolutionConfigurationPlatforms) = preSolution
		Debug|Any CPU = Debug|Any CPU
		Release|Any CPU = Release|Any CPU
	EndGlobalSection
	GlobalSection(ProjectConfigurationPlatforms) = postSolution
		{31886F92-464E-4120-8D14-82511192A1B0}.Debug|Any CPU.ActiveCfg = Debug|Any CPU
		{31886F92-464E-4120-8D14-82511192A1B0}.Debug|Any CPU.Build.0 = Debug|Any CPU
		{31886F92-464E-4120-8D14-82511192A1B0}.Release|Any CPU.ActiveCfg = Release|Any CPU
		{31886F92-464E-4120-8D14-82511192A1B0}.Release|Any CPU.Build.0 = Release|Any CPU
	EndGlobalSection
	GlobalSection(SolutionProperties) = preSolution
		HideSolutionNode = FALSE
	EndGlobalSection
	GlobalSection(ExtensibilityGlobals) = postSolution
		SolutionGuid = {014315C9-8176-4A9E-8EDA-E109AF24530D}
	EndGlobalSection
EndGlobal
